// !$*UTF8*$!
{
	archiveVersion = 1;
	classes = {
	};
	objectVersion = 50;
	objects = {

/* Begin PBXBuildFile section */
		03AD95BF231E86B6008C44A3 /* road.mp4 in Resources */ = {isa = PBXBuildFile; fileRef = 03AD95BE231E86B6008C44A3 /* road.mp4 */; };
		914529C5231D201A0070A743 /* AppDelegate.swift in Sources */ = {isa = PBXBuildFile; fileRef = 914529C4231D201A0070A743 /* AppDelegate.swift */; };
		914529C7231D201A0070A743 /* ViewController.swift in Sources */ = {isa = PBXBuildFile; fileRef = 914529C6231D201A0070A743 /* ViewController.swift */; };
		914529CA231D201A0070A743 /* Main.storyboard in Resources */ = {isa = PBXBuildFile; fileRef = 914529C8231D201A0070A743 /* Main.storyboard */; };
		914529CC231D201B0070A743 /* Assets.xcassets in Resources */ = {isa = PBXBuildFile; fileRef = 914529CB231D201B0070A743 /* Assets.xcassets */; };
		914529CF231D201B0070A743 /* LaunchScreen.storyboard in Resources */ = {isa = PBXBuildFile; fileRef = 914529CD231D201B0070A743 /* LaunchScreen.storyboard */; };
		914529DA231D201B0070A743 /* ARKitDemoTests.swift in Sources */ = {isa = PBXBuildFile; fileRef = 914529D9231D201B0070A743 /* ARKitDemoTests.swift */; };
		914529E5231D201B0070A743 /* ARKitDemoUITests.swift in Sources */ = {isa = PBXBuildFile; fileRef = 914529E4231D201B0070A743 /* ARKitDemoUITests.swift */; };
		91738686231EA7F9005D56A1 /* art.scnassets in Resources */ = {isa = PBXBuildFile; fileRef = 91738685231EA7F9005D56A1 /* art.scnassets */; };
/* End PBXBuildFile section */

/* Begin PBXContainerItemProxy section */
		914529D6231D201B0070A743 /* PBXContainerItemProxy */ = {
			isa = PBXContainerItemProxy;
			containerPortal = 914529B9231D201A0070A743 /* Project object */;
			proxyType = 1;
			remoteGlobalIDString = 914529C0231D201A0070A743;
			remoteInfo = ARKitDemo;
		};
		914529E1231D201B0070A743 /* PBXContainerItemProxy */ = {
			isa = PBXContainerItemProxy;
			containerPortal = 914529B9231D201A0070A743 /* Project object */;
			proxyType = 1;
			remoteGlobalIDString = 914529C0231D201A0070A743;
			remoteInfo = ARKitDemo;
		};
/* End PBXContainerItemProxy section */

/* Begin PBXFileReference section */
		03AD95BE231E86B6008C44A3 /* road.mp4 */ = {isa = PBXFileReference; lastKnownFileType = file; path = road.mp4; sourceTree = "<group>"; };
		914529C1231D201A0070A743 /* ARKitDemo.app */ = {isa = PBXFileReference; explicitFileType = wrapper.application; includeInIndex = 0; path = ARKitDemo.app; sourceTree = BUILT_PRODUCTS_DIR; };
		914529C4231D201A0070A743 /* AppDelegate.swift */ = {isa = PBXFileReference; lastKnownFileType = sourcecode.swift; path = AppDelegate.swift; sourceTree = "<group>"; };
		914529C6231D201A0070A743 /* ViewController.swift */ = {isa = PBXFileReference; lastKnownFileType = sourcecode.swift; path = ViewController.swift; sourceTree = "<group>"; };
		914529C9231D201A0070A743 /* Base */ = {isa = PBXFileReference; lastKnownFileType = file.storyboard; name = Base; path = Base.lproj/Main.storyboard; sourceTree = "<group>"; };
		914529CB231D201B0070A743 /* Assets.xcassets */ = {isa = PBXFileReference; lastKnownFileType = folder.assetcatalog; path = Assets.xcassets; sourceTree = "<group>"; };
		914529CE231D201B0070A743 /* Base */ = {isa = PBXFileReference; lastKnownFileType = file.storyboard; name = Base; path = Base.lproj/LaunchScreen.storyboard; sourceTree = "<group>"; };
		914529D0231D201B0070A743 /* Info.plist */ = {isa = PBXFileReference; lastKnownFileType = text.plist.xml; path = Info.plist; sourceTree = "<group>"; };
		914529D5231D201B0070A743 /* ARKitDemoTests.xctest */ = {isa = PBXFileReference; explicitFileType = wrapper.cfbundle; includeInIndex = 0; path = ARKitDemoTests.xctest; sourceTree = BUILT_PRODUCTS_DIR; };
		914529D9231D201B0070A743 /* ARKitDemoTests.swift */ = {isa = PBXFileReference; lastKnownFileType = sourcecode.swift; path = ARKitDemoTests.swift; sourceTree = "<group>"; };
		914529DB231D201B0070A743 /* Info.plist */ = {isa = PBXFileReference; lastKnownFileType = text.plist.xml; path = Info.plist; sourceTree = "<group>"; };
		914529E0231D201B0070A743 /* ARKitDemoUITests.xctest */ = {isa = PBXFileReference; explicitFileType = wrapper.cfbundle; includeInIndex = 0; path = ARKitDemoUITests.xctest; sourceTree = BUILT_PRODUCTS_DIR; };
		914529E4231D201B0070A743 /* ARKitDemoUITests.swift */ = {isa = PBXFileReference; lastKnownFileType = sourcecode.swift; path = ARKitDemoUITests.swift; sourceTree = "<group>"; };
		914529E6231D201B0070A743 /* Info.plist */ = {isa = PBXFileReference; lastKnownFileType = text.plist.xml; path = Info.plist; sourceTree = "<group>"; };
		91738685231EA7F9005D56A1 /* art.scnassets */ = {isa = PBXFileReference; lastKnownFileType = wrapper.scnassets; path = art.scnassets; sourceTree = "<group>"; };
/* End PBXFileReference section */

/* Begin PBXFrameworksBuildPhase section */
		914529BE231D201A0070A743 /* Frameworks */ = {
			isa = PBXFrameworksBuildPhase;
			buildActionMask = 2147483647;
			files = (
			);
			runOnlyForDeploymentPostprocessing = 0;
		};
		914529D2231D201B0070A743 /* Frameworks */ = {
			isa = PBXFrameworksBuildPhase;
			buildActionMask = 2147483647;
			files = (
			);
			runOnlyForDeploymentPostprocessing = 0;
		};
		914529DD231D201B0070A743 /* Frameworks */ = {
			isa = PBXFrameworksBuildPhase;
			buildActionMask = 2147483647;
			files = (
			);
			runOnlyForDeploymentPostprocessing = 0;
		};
/* End PBXFrameworksBuildPhase section */

/* Begin PBXGroup section */
		914529B8231D201A0070A743 = {
			isa = PBXGroup;
			children = (
				914529C3231D201A0070A743 /* ARKitDemo */,
				914529D8231D201B0070A743 /* ARKitDemoTests */,
				914529E3231D201B0070A743 /* ARKitDemoUITests */,
				914529C2231D201A0070A743 /* Products */,
			);
			sourceTree = "<group>";
		};
		914529C2231D201A0070A743 /* Products */ = {
			isa = PBXGroup;
			children = (
				914529C1231D201A0070A743 /* ARKitDemo.app */,
				914529D5231D201B0070A743 /* ARKitDemoTests.xctest */,
				914529E0231D201B0070A743 /* ARKitDemoUITests.xctest */,
			);
			name = Products;
			sourceTree = "<group>";
		};
		914529C3231D201A0070A743 /* ARKitDemo */ = {
			isa = PBXGroup;
			children = (
				91738685231EA7F9005D56A1 /* art.scnassets */,
				914529C4231D201A0070A743 /* AppDelegate.swift */,
				914529C6231D201A0070A743 /* ViewController.swift */,
				03AD95BE231E86B6008C44A3 /* road.mp4 */,
				914529C8231D201A0070A743 /* Main.storyboard */,
				914529CB231D201B0070A743 /* Assets.xcassets */,
				914529CD231D201B0070A743 /* LaunchScreen.storyboard */,
				914529D0231D201B0070A743 /* Info.plist */,
			);
			path = ARKitDemo;
			sourceTree = "<group>";
		};
		914529D8231D201B0070A743 /* ARKitDemoTests */ = {
			isa = PBXGroup;
			children = (
				914529D9231D201B0070A743 /* ARKitDemoTests.swift */,
				914529DB231D201B0070A743 /* Info.plist */,
			);
			path = ARKitDemoTests;
			sourceTree = "<group>";
		};
		914529E3231D201B0070A743 /* ARKitDemoUITests */ = {
			isa = PBXGroup;
			children = (
				914529E4231D201B0070A743 /* ARKitDemoUITests.swift */,
				914529E6231D201B0070A743 /* Info.plist */,
			);
			path = ARKitDemoUITests;
			sourceTree = "<group>";
		};
/* End PBXGroup section */

/* Begin PBXNativeTarget section */
		914529C0231D201A0070A743 /* ARKitDemo */ = {
			isa = PBXNativeTarget;
			buildConfigurationList = 914529E9231D201B0070A743 /* Build configuration list for PBXNativeTarget "ARKitDemo" */;
			buildPhases = (
				914529BD231D201A0070A743 /* Sources */,
				914529BE231D201A0070A743 /* Frameworks */,
				914529BF231D201A0070A743 /* Resources */,
			);
			buildRules = (
			);
			dependencies = (
			);
			name = ARKitDemo;
			productName = ARKitDemo;
			productReference = 914529C1231D201A0070A743 /* ARKitDemo.app */;
			productType = "com.apple.product-type.application";
		};
		914529D4231D201B0070A743 /* ARKitDemoTests */ = {
			isa = PBXNativeTarget;
			buildConfigurationList = 914529EC231D201B0070A743 /* Build configuration list for PBXNativeTarget "ARKitDemoTests" */;
			buildPhases = (
				914529D1231D201B0070A743 /* Sources */,
				914529D2231D201B0070A743 /* Frameworks */,
				914529D3231D201B0070A743 /* Resources */,
			);
			buildRules = (
			);
			dependencies = (
				914529D7231D201B0070A743 /* PBXTargetDependency */,
			);
			name = ARKitDemoTests;
			productName = ARKitDemoTests;
			productReference = 914529D5231D201B0070A743 /* ARKitDemoTests.xctest */;
			productType = "com.apple.product-type.bundle.unit-test";
		};
		914529DF231D201B0070A743 /* ARKitDemoUITests */ = {
			isa = PBXNativeTarget;
			buildConfigurationList = 914529EF231D201B0070A743 /* Build configuration list for PBXNativeTarget "ARKitDemoUITests" */;
			buildPhases = (
				914529DC231D201B0070A743 /* Sources */,
				914529DD231D201B0070A743 /* Frameworks */,
				914529DE231D201B0070A743 /* Resources */,
			);
			buildRules = (
			);
			dependencies = (
				914529E2231D201B0070A743 /* PBXTargetDependency */,
			);
			name = ARKitDemoUITests;
			productName = ARKitDemoUITests;
			productReference = 914529E0231D201B0070A743 /* ARKitDemoUITests.xctest */;
			productType = "com.apple.product-type.bundle.ui-testing";
		};
/* End PBXNativeTarget section */

/* Begin PBXProject section */
		914529B9231D201A0070A743 /* Project object */ = {
			isa = PBXProject;
			attributes = {
				LastSwiftUpdateCheck = 1010;
				LastUpgradeCheck = 1010;
				ORGANIZATIONNAME = Tryam;
				TargetAttributes = {
					914529C0231D201A0070A743 = {
						CreatedOnToolsVersion = 10.1;
					};
					914529D4231D201B0070A743 = {
						CreatedOnToolsVersion = 10.1;
						TestTargetID = 914529C0231D201A0070A743;
					};
					914529DF231D201B0070A743 = {
						CreatedOnToolsVersion = 10.1;
						TestTargetID = 914529C0231D201A0070A743;
					};
				};
			};
			buildConfigurationList = 914529BC231D201A0070A743 /* Build configuration list for PBXProject "ARKitDemo" */;
			compatibilityVersion = "Xcode 9.3";
			developmentRegion = en;
			hasScannedForEncodings = 0;
			knownRegions = (
				en,
				Base,
			);
			mainGroup = 914529B8231D201A0070A743;
			productRefGroup = 914529C2231D201A0070A743 /* Products */;
			projectDirPath = "";
			projectRoot = "";
			targets = (
				914529C0231D201A0070A743 /* ARKitDemo */,
				914529D4231D201B0070A743 /* ARKitDemoTests */,
				914529DF231D201B0070A743 /* ARKitDemoUITests */,
			);
		};
/* End PBXProject section */

/* Begin PBXResourcesBuildPhase section */
		914529BF231D201A0070A743 /* Resources */ = {
			isa = PBXResourcesBuildPhase;
			buildActionMask = 2147483647;
			files = (
				914529CF231D201B0070A743 /* LaunchScreen.storyboard in Resources */,
				03AD95BF231E86B6008C44A3 /* road.mp4 in Resources */,
				91738686231EA7F9005D56A1 /* art.scnassets in Resources */,
				914529CC231D201B0070A743 /* Assets.xcassets in Resources */,
				914529CA231D201A0070A743 /* Main.storyboard in Resources */,
			);
			runOnlyForDeploymentPostprocessing = 0;
		};
		914529D3231D201B0070A743 /* Resources */ = {
			isa = PBXResourcesBuildPhase;
			buildActionMask = 2147483647;
			files = (
			);
			runOnlyForDeploymentPostprocessing = 0;
		};
		914529DE231D201B0070A743 /* Resources */ = {
			isa = PBXResourcesBuildPhase;
			buildActionMask = 2147483647;
			files = (
			);
			runOnlyForDeploymentPostprocessing = 0;
		};
/* End PBXResourcesBuildPhase section */

/* Begin PBXSourcesBuildPhase section */
		914529BD231D201A0070A743 /* Sources */ = {
			isa = PBXSourcesBuildPhase;
			buildActionMask = 2147483647;
			files = (
				914529C7231D201A0070A743 /* ViewController.swift in Sources */,
				914529C5231D201A0070A743 /* AppDelegate.swift in Sources */,
			);
			runOnlyForDeploymentPostprocessing = 0;
		};
		914529D1231D201B0070A743 /* Sources */ = {
			isa = PBXSourcesBuildPhase;
			buildActionMask = 2147483647;
			files = (
				914529DA231D201B0070A743 /* ARKitDemoTests.swift in Sources */,
			);
			runOnlyForDeploymentPostprocessing = 0;
		};
		914529DC231D201B0070A743 /* Sources */ = {
			isa = PBXSourcesBuildPhase;
			buildActionMask = 2147483647;
			files = (
				914529E5231D201B0070A743 /* ARKitDemoUITests.swift in Sources */,
			);
			runOnlyForDeploymentPostprocessing = 0;
		};
/* End PBXSourcesBuildPhase section */

/* Begin PBXTargetDependency section */
		914529D7231D201B0070A743 /* PBXTargetDependency */ = {
			isa = PBXTargetDependency;
			target = 914529C0231D201A0070A743 /* ARKitDemo */;
			targetProxy = 914529D6231D201B0070A743 /* PBXContainerItemProxy */;
		};
		914529E2231D201B0070A743 /* PBXTargetDependency */ = {
			isa = PBXTargetDependency;
			target = 914529C0231D201A0070A743 /* ARKitDemo */;
			targetProxy = 914529E1231D201B0070A743 /* PBXContainerItemProxy */;
		};
/* End PBXTargetDependency section */

/* Begin PBXVariantGroup section */
		914529C8231D201A0070A743 /* Main.storyboard */ = {
			isa = PBXVariantGroup;
			children = (
				914529C9231D201A0070A743 /* Base */,
			);
			name = Main.storyboard;
			sourceTree = "<group>";
		};
		914529CD231D201B0070A743 /* LaunchScreen.storyboard */ = {
			isa = PBXVariantGroup;
			children = (
				914529CE231D201B0070A743 /* Base */,
			);
			name = LaunchScreen.storyboard;
			sourceTree = "<group>";
		};
/* End PBXVariantGroup section */

/* Begin XCBuildConfiguration section */
		914529E7231D201B0070A743 /* Debug */ = {
			isa = XCBuildConfiguration;
			buildSettings = {
				ALWAYS_SEARCH_USER_PATHS = NO;
				CLANG_ANALYZER_NONNULL = YES;
				CLANG_ANALYZER_NUMBER_OBJECT_CONVERSION = YES_AGGRESSIVE;
				CLANG_CXX_LANGUAGE_STANDARD = "gnu++14";
				CLANG_CXX_LIBRARY = "libc++";
				CLANG_ENABLE_MODULES = YES;
				CLANG_ENABLE_OBJC_ARC = YES;
				CLANG_ENABLE_OBJC_WEAK = YES;
				CLANG_WARN_BLOCK_CAPTURE_AUTORELEASING = YES;
				CLANG_WARN_BOOL_CONVERSION = YES;
				CLANG_WARN_COMMA = YES;
				CLANG_WARN_CONSTANT_CONVERSION = YES;
				CLANG_WARN_DEPRECATED_OBJC_IMPLEMENTATIONS = YES;
				CLANG_WARN_DIRECT_OBJC_ISA_USAGE = YES_ERROR;
				CLANG_WARN_DOCUMENTATION_COMMENTS = YES;
				CLANG_WARN_EMPTY_BODY = YES;
				CLANG_WARN_ENUM_CONVERSION = YES;
				CLANG_WARN_INFINITE_RECURSION = YES;
				CLANG_WARN_INT_CONVERSION = YES;
				CLANG_WARN_NON_LITERAL_NULL_CONVERSION = YES;
				CLANG_WARN_OBJC_IMPLICIT_RETAIN_SELF = YES;
				CLANG_WARN_OBJC_LITERAL_CONVERSION = YES;
				CLANG_WARN_OBJC_ROOT_CLASS = YES_ERROR;
				CLANG_WARN_RANGE_LOOP_ANALYSIS = YES;
				CLANG_WARN_STRICT_PROTOTYPES = YES;
				CLANG_WARN_SUSPICIOUS_MOVE = YES;
				CLANG_WARN_UNGUARDED_AVAILABILITY = YES_AGGRESSIVE;
				CLANG_WARN_UNREACHABLE_CODE = YES;
				CLANG_WARN__DUPLICATE_METHOD_MATCH = YES;
				CODE_SIGN_IDENTITY = "iPhone Developer";
				COPY_PHASE_STRIP = NO;
				DEBUG_INFORMATION_FORMAT = dwarf;
				ENABLE_STRICT_OBJC_MSGSEND = YES;
				ENABLE_TESTABILITY = YES;
				GCC_C_LANGUAGE_STANDARD = gnu11;
				GCC_DYNAMIC_NO_PIC = NO;
				GCC_NO_COMMON_BLOCKS = YES;
				GCC_OPTIMIZATION_LEVEL = 0;
				GCC_PREPROCESSOR_DEFINITIONS = (
					"DEBUG=1",
					"$(inherited)",
				);
				GCC_WARN_64_TO_32_BIT_CONVERSION = YES;
				GCC_WARN_ABOUT_RETURN_TYPE = YES_ERROR;
				GCC_WARN_UNDECLARED_SELECTOR = YES;
				GCC_WARN_UNINITIALIZED_AUTOS = YES_AGGRESSIVE;
				GCC_WARN_UNUSED_FUNCTION = YES;
				GCC_WARN_UNUSED_VARIABLE = YES;
				IPHONEOS_DEPLOYMENT_TARGET = 12.1;
				MTL_ENABLE_DEBUG_INFO = INCLUDE_SOURCE;
				MTL_FAST_MATH = YES;
				ONLY_ACTIVE_ARCH = YES;
				SDKROOT = iphoneos;
				SWIFT_ACTIVE_COMPILATION_CONDITIONS = DEBUG;
				SWIFT_OPTIMIZATION_LEVEL = "-Onone";
			};
			name = Debug;
		};
		914529E8231D201B0070A743 /* Release */ = {
			isa = XCBuildConfiguration;
			buildSettings = {
				ALWAYS_SEARCH_USER_PATHS = NO;
				CLANG_ANALYZER_NONNULL = YES;
				CLANG_ANALYZER_NUMBER_OBJECT_CONVERSION = YES_AGGRESSIVE;
				CLANG_CXX_LANGUAGE_STANDARD = "gnu++14";
				CLANG_CXX_LIBRARY = "libc++";
				CLANG_ENABLE_MODULES = YES;
				CLANG_ENABLE_OBJC_ARC = YES;
				CLANG_ENABLE_OBJC_WEAK = YES;
				CLANG_WARN_BLOCK_CAPTURE_AUTORELEASING = YES;
				CLANG_WARN_BOOL_CONVERSION = YES;
				CLANG_WARN_COMMA = YES;
				CLANG_WARN_CONSTANT_CONVERSION = YES;
				CLANG_WARN_DEPRECATED_OBJC_IMPLEMENTATIONS = YES;
				CLANG_WARN_DIRECT_OBJC_ISA_USAGE = YES_ERROR;
				CLANG_WARN_DOCUMENTATION_COMMENTS = YES;
				CLANG_WARN_EMPTY_BODY = YES;
				CLANG_WARN_ENUM_CONVERSION = YES;
				CLANG_WARN_INFINITE_RECURSION = YES;
				CLANG_WARN_INT_CONVERSION = YES;
				CLANG_WARN_NON_LITERAL_NULL_CONVERSION = YES;
				CLANG_WARN_OBJC_IMPLICIT_RETAIN_SELF = YES;
				CLANG_WARN_OBJC_LITERAL_CONVERSION = YES;
				CLANG_WARN_OBJC_ROOT_CLASS = YES_ERROR;
				CLANG_WARN_RANGE_LOOP_ANALYSIS = YES;
				CLANG_WARN_STRICT_PROTOTYPES = YES;
				CLANG_WARN_SUSPICIOUS_MOVE = YES;
				CLANG_WARN_UNGUARDED_AVAILABILITY = YES_AGGRESSIVE;
				CLANG_WARN_UNREACHABLE_CODE = YES;
				CLANG_WARN__DUPLICATE_METHOD_MATCH = YES;
				CODE_SIGN_IDENTITY = "iPhone Developer";
				COPY_PHASE_STRIP = NO;
				DEBUG_INFORMATION_FORMAT = "dwarf-with-dsym";
				ENABLE_NS_ASSERTIONS = NO;
				ENABLE_STRICT_OBJC_MSGSEND = YES;
				GCC_C_LANGUAGE_STANDARD = gnu11;
				GCC_NO_COMMON_BLOCKS = YES;
				GCC_WARN_64_TO_32_BIT_CONVERSION = YES;
				GCC_WARN_ABOUT_RETURN_TYPE = YES_ERROR;
				GCC_WARN_UNDECLARED_SELECTOR = YES;
				GCC_WARN_UNINITIALIZED_AUTOS = YES_AGGRESSIVE;
				GCC_WARN_UNUSED_FUNCTION = YES;
				GCC_WARN_UNUSED_VARIABLE = YES;
				IPHONEOS_DEPLOYMENT_TARGET = 12.1;
				MTL_ENABLE_DEBUG_INFO = NO;
				MTL_FAST_MATH = YES;
				SDKROOT = iphoneos;
				SWIFT_COMPILATION_MODE = wholemodule;
				SWIFT_OPTIMIZATION_LEVEL = "-O";
				VALIDATE_PRODUCT = YES;
			};
			name = Release;
		};
		914529EA231D201B0070A743 /* Debug */ = {
			isa = XCBuildConfiguration;
			buildSettings = {
				ASSETCATALOG_COMPILER_APPICON_NAME = AppIcon;
				CODE_SIGN_STYLE = Automatic;
				DEVELOPMENT_TEAM = 86TWYCWZ65;
				INFOPLIST_FILE = ARKitDemo/Info.plist;
				LD_RUNPATH_SEARCH_PATHS = (
					"$(inherited)",
					"@executable_path/Frameworks",
				);
				PRODUCT_BUNDLE_IDENTIFIER = Tryam.ARKitDemo;
				PRODUCT_NAME = "$(TARGET_NAME)";
				SWIFT_VERSION = 4.2;
				TARGETED_DEVICE_FAMILY = "1,2";
			};
			name = Debug;
		};
		914529EB231D201B0070A743 /* Release */ = {
			isa = XCBuildConfiguration;
			buildSettings = {
				ASSETCATALOG_COMPILER_APPICON_NAME = AppIcon;
				CODE_SIGN_STYLE = Automatic;
				DEVELOPMENT_TEAM = 86TWYCWZ65;
				INFOPLIST_FILE = ARKitDemo/Info.plist;
				LD_RUNPATH_SEARCH_PATHS = (
					"$(inherited)",
					"@executable_path/Frameworks",
				);
				PRODUCT_BUNDLE_IDENTIFIER = Tryam.ARKitDemo;
				PRODUCT_NAME = "$(TARGET_NAME)";
				SWIFT_VERSION = 4.2;
				TARGETED_DEVICE_FAMILY = "1,2";
			};
			name = Release;
		};
		914529ED231D201B0070A743 /* Debug */ = {
			isa = XCBuildConfiguration;
			buildSettings = {
				ALWAYS_EMBED_SWIFT_STANDARD_LIBRARIES = YES;
				BUNDLE_LOADER = "$(TEST_HOST)";
				CODE_SIGN_STYLE = Automatic;
				INFOPLIST_FILE = ARKitDemoTests/Info.plist;
				LD_RUNPATH_SEARCH_PATHS = (
					"$(inherited)",
					"@executable_path/Frameworks",
					"@loader_path/Frameworks",
				);
				PRODUCT_BUNDLE_IDENTIFIER = Tryam.ARKitDemoTests;
				PRODUCT_NAME = "$(TARGET_NAME)";
				SWIFT_VERSION = 4.2;
				TARGETED_DEVICE_FAMILY = "1,2";
				TEST_HOST = "$(BUILT_PRODUCTS_DIR)/ARKitDemo.app/ARKitDemo";
			};
			name = Debug;
		};
		914529EE231D201B0070A743 /* Release */ = {
			isa = XCBuildConfiguration;
			buildSettings = {
				ALWAYS_EMBED_SWIFT_STANDARD_LIBRARIES = YES;
				BUNDLE_LOADER = "$(TEST_HOST)";
				CODE_SIGN_STYLE = Automatic;
				INFOPLIST_FILE = ARKitDemoTests/Info.plist;
				LD_RUNPATH_SEARCH_PATHS = (
					"$(inherited)",
					"@executable_path/Frameworks",
					"@loader_path/Frameworks",
				);
				PRODUCT_BUNDLE_IDENTIFIER = Tryam.ARKitDemoTests;
				PRODUCT_NAME = "$(TARGET_NAME)";
				SWIFT_VERSION = 4.2;
				TARGETED_DEVICE_FAMILY = "1,2";
				TEST_HOST = "$(BUILT_PRODUCTS_DIR)/ARKitDemo.app/ARKitDemo";
			};
			name = Release;
		};
		914529F0231D201B0070A743 /* Debug */ = {
			isa = XCBuildConfiguration;
			buildSettings = {
				ALWAYS_EMBED_SWIFT_STANDARD_LIBRARIES = YES;
				CODE_SIGN_STYLE = Automatic;
				INFOPLIST_FILE = ARKitDemoUITests/Info.plist;
				LD_RUNPATH_SEARCH_PATHS = (
					"$(inherited)",
					"@executable_path/Frameworks",
					"@loader_path/Frameworks",
				);
				PRODUCT_BUNDLE_IDENTIFIER = Tryam.ARKitDemoUITests;
				PRODUCT_NAME = "$(TARGET_NAME)";
				SWIFT_VERSION = 4.2;
				TARGETED_DEVICE_FAMILY = "1,2";
				TEST_TARGET_NAME = ARKitDemo;
			};
			name = Debug;
		};
		914529F1231D201B0070A743 /* Release */ = {
			isa = XCBuildConfiguration;
			buildSettings = {
				ALWAYS_EMBED_SWIFT_STANDARD_LIBRARIES = YES;
				CODE_SIGN_STYLE = Automatic;
				INFOPLIST_FILE = ARKitDemoUITests/Info.plist;
				LD_RUNPATH_SEARCH_PATHS = (
					"$(inherited)",
					"@executable_path/Frameworks",
					"@loader_path/Frameworks",
				);
				PRODUCT_BUNDLE_IDENTIFIER = Tryam.ARKitDemoUITests;
				PRODUCT_NAME = "$(TARGET_NAME)";
				SWIFT_VERSION = 4.2;
				TARGETED_DEVICE_FAMILY = "1,2";
				TEST_TARGET_NAME = ARKitDemo;
			};
			name = Release;
		};
/* End XCBuildConfiguration section */

/* Begin XCConfigurationList section */
		914529BC231D201A0070A743 /* Build configuration list for PBXProject "ARKitDemo" */ = {
			isa = XCConfigurationList;
			buildConfigurations = (
				914529E7231D201B0070A743 /* Debug */,
				914529E8231D201B0070A743 /* Release */,
			);
			defaultConfigurationIsVisible = 0;
			defaultConfigurationName = Release;
		};
		914529E9231D201B0070A743 /* Build configuration list for PBXNativeTarget "ARKitDemo" */ = {
			isa = XCConfigurationList;
			buildConfigurations = (
				914529EA231D201B0070A743 /* Debug */,
				914529EB231D201B0070A743 /* Release */,
			);
			defaultConfigurationIsVisible = 0;
			defaultConfigurationName = Release;
		};
		914529EC231D201B0070A743 /* Build configuration list for PBXNativeTarget "ARKitDemoTests" */ = {
			isa = XCConfigurationList;
			buildConfigurations = (
				914529ED231D201B0070A743 /* Debug */,
				914529EE231D201B0070A743 /* Release */,
			);
			defaultConfigurationIsVisible = 0;
			defaultConfigurationName = Release;
		};
		914529EF231D201B0070A743 /* Build configuration list for PBXNativeTarget "ARKitDemoUITests" */ = {
			isa = XCConfigurationList;
			buildConfigurations = (
				914529F0231D201B0070A743 /* Debug */,
				914529F1231D201B0070A743 /* Release */,
			);
			defaultConfigurationIsVisible = 0;
			defaultConfigurationName = Release;
		};
/* End XCConfigurationList section */
	};
	rootObject = 914529B9231D201A0070A743 /* Project object */;
}
